
Microsoft Visual Studio Solution File, Format Version 12.00
# Visual Studio Version 16
VisualStudioVersion = 16.0.31410.357
MinimumVisualStudioVersion = 10.0.40219.1
Project("{9A19103F-16F7-4668-BE54-9A1E7A4F7556}") = "WebAPI", "WebAPI\WebAPI.csproj", "{7341F647-D169-4487-B374-F99BC9E177F7}"
EndProject
Project("{9A19103F-16F7-4668-BE54-9A1E7A4F7556}") = "WebAPI.BLL", "WebAPI.BLL\WebAPI.BLL.csproj", "{1E8735E4-F3B6-4D87-BA59-35F4983A1623}"
EndProject
Project("{9A19103F-16F7-4668-BE54-9A1E7A4F7556}") = "WebAPI.Model", "WebAPI.Model\WebAPI.Model.csproj", "{88150446-8737-463F-B442-5DA498B43CEA}"
EndProject
Global
	GlobalSection(SolutionConfigurationPlatforms) = preSolution
		Debug|Any CPU = Debug|Any CPU
		Release|Any CPU = Release|Any CPU
	EndGlobalSection
	GlobalSection(ProjectConfigurationPlatforms) = postSolution
		{7341F647-D169-4487-B374-F99BC9E177F7}.Debug|Any CPU.ActiveCfg = Debug|Any CPU
		{7341F647-D169-4487-B374-F99BC9E177F7}.Debug|Any CPU.Build.0 = Debug|Any CPU
		{7341F647-D169-4487-B374-F99BC9E177F7}.Release|Any CPU.ActiveCfg = Release|Any CPU
		{7341F647-D169-4487-B374-F99BC9E177F7}.Release|Any CPU.Build.0 = Release|Any CPU
		{1E8735E4-F3B6-4D87-BA59-35F4983A1623}.Debug|Any CPU.ActiveCfg = Debug|Any CPU
		{1E8735E4-F3B6-4D87-BA59-35F4983A1623}.Debug|Any CPU.Build.0 = Debug|Any CPU
		{1E8735E4-F3B6-4D87-BA59-35F4983A1623}.Release|Any CPU.ActiveCfg = Release|Any CPU
		{1E8735E4-F3B6-4D87-BA59-35F4983A1623}.Release|Any CPU.Build.0 = Release|Any CPU
		{88150446-8737-463F-B442-5DA498B43CEA}.Debug|Any CPU.ActiveCfg = Debug|Any CPU
		{88150446-8737-463F-B442-5DA498B43CEA}.Debug|Any CPU.Build.0 = Debug|Any CPU
		{88150446-8737-463F-B442-5DA498B43CEA}.Release|Any CPU.ActiveCfg = Release|Any CPU
		{88150446-8737-463F-B442-5DA498B43CEA}.Release|Any CPU.Build.0 = Release|Any CPU
	EndGlobalSection
	GlobalSection(SolutionProperties) = preSolution
		HideSolutionNode = FALSE
	EndGlobalSection
	GlobalSection(ExtensibilityGlobals) = postSolution
		SolutionGuid = {754385B1-99EE-4803-8EBF-669409AEB207}
	EndGlobalSection
EndGlobal
